
Microsoft Visual Studio Solution File, Format Version 12.00
# Visual Studio 15
VisualStudioVersion = 15.0.27130.2010
MinimumVisualStudioVersion = 10.0.40219.1
Project("{2150E333-8FDC-42A3-9474-1A3956D46DE8}") = "Solution Items", "Solution Items", "{E3CA68E7-7F36-4C56-8012-254BAEAE36F4}"
	ProjectSection(SolutionItems) = preProject
		NerdDinner.testsettings = NerdDinner.testsettings
		NerdDinner.vsmdi = NerdDinner.vsmdi
		readme = readme
	EndProjectSection
EndProject
Project("{FAE04EC0-301F-11D3-BF4B-00C04F79EFBC}") = "NerdDinner", "NerdDinner\NerdDinner.csproj", "{67C8B33C-A6AE-421F-BF79-3FB8F37A64C0}"
EndProject
Project("{E53339B2-1760-4266-BCC7-CA923CBCF16C}") = "docker-compose", "docker-compose.dcproj", "{18C2A0F8-33F2-4A61-A055-7BDD2B3BAD5C}"
EndProject
Global
	GlobalSection(SolutionConfigurationPlatforms) = preSolution
		Debug|Any CPU = Debug|Any CPU
		Release|Any CPU = Release|Any CPU
	EndGlobalSection
	GlobalSection(ProjectConfigurationPlatforms) = postSolution
		{67C8B33C-A6AE-421F-BF79-3FB8F37A64C0}.Debug|Any CPU.ActiveCfg = Debug|Any CPU
		{67C8B33C-A6AE-421F-BF79-3FB8F37A64C0}.Debug|Any CPU.Build.0 = Debug|Any CPU
		{67C8B33C-A6AE-421F-BF79-3FB8F37A64C0}.Release|Any CPU.ActiveCfg = Release|Any CPU
		{67C8B33C-A6AE-421F-BF79-3FB8F37A64C0}.Release|Any CPU.Build.0 = Release|Any CPU
		{18C2A0F8-33F2-4A61-A055-7BDD2B3BAD5C}.Debug|Any CPU.ActiveCfg = Debug|Any CPU
		{18C2A0F8-33F2-4A61-A055-7BDD2B3BAD5C}.Debug|Any CPU.Build.0 = Debug|Any CPU
		{18C2A0F8-33F2-4A61-A055-7BDD2B3BAD5C}.Release|Any CPU.ActiveCfg = Release|Any CPU
		{18C2A0F8-33F2-4A61-A055-7BDD2B3BAD5C}.Release|Any CPU.Build.0 = Release|Any CPU
	EndGlobalSection
	GlobalSection(SolutionProperties) = preSolution
		HideSolutionNode = FALSE
	EndGlobalSection
	GlobalSection(ExtensibilityGlobals) = postSolution
		EnterpriseLibraryConfigurationToolBinariesPath = packages\Unity.2.1.505.0\lib\NET35
		SolutionGuid = {E2B1BCA2-79B0-4781-B733-712B85DFD0CB}
	EndGlobalSection
	GlobalSection(TeamFoundationVersionControl) = preSolution
		SccNumberOfProjects = 2
		SccEnterpriseProvider = {4CA58AB2-18FA-4F8D-95D4-32DDF27D184C}
		SccTeamFoundationServer = https://hclcoeazure.visualstudio.com/
		SccLocalPath0 = .
		SccProjectUniqueName1 = NerdDinner\\NerdDinner.csproj
		SccProjectName1 = NerdDinner
		SccLocalPath1 = NerdDinner
	EndGlobalSection
	GlobalSection(TestCaseManagementSettings) = postSolution
		CategoryFile = NerdDinner.vsmdi
	EndGlobalSection
EndGlobal
